
Microsoft Visual Studio Solution File, Format Version 12.00
# Visual Studio 15
VisualStudioVersion = 15.0.27130.2036
MinimumVisualStudioVersion = 10.0.40219.1
Project("{FAE04EC0-301F-11D3-BF4B-00C04F79EFBC}") = "TPI", "TPI\TPI.csproj", "{73543F80-CD07-4009-98A8-FBD63D725C8A}"
EndProject
Global
	GlobalSection(SolutionConfigurationPlatforms) = preSolution
		Debug|Any CPU = Debug|Any CPU
		Release|Any CPU = Release|Any CPU
	EndGlobalSection
	GlobalSection(ProjectConfigurationPlatforms) = postSolution
		{73543F80-CD07-4009-98A8-FBD63D725C8A}.Debug|Any CPU.ActiveCfg = Debug|Any CPU
		{73543F80-CD07-4009-98A8-FBD63D725C8A}.Debug|Any CPU.Build.0 = Debug|Any CPU
		{73543F80-CD07-4009-98A8-FBD63D725C8A}.Release|Any CPU.ActiveCfg = Release|Any CPU
		{73543F80-CD07-4009-98A8-FBD63D725C8A}.Release|Any CPU.Build.0 = Release|Any CPU
	EndGlobalSection
	GlobalSection(SolutionProperties) = preSolution
		HideSolutionNode = FALSE
	EndGlobalSection
	GlobalSection(ExtensibilityGlobals) = postSolution
		SolutionGuid = {8FAE7F01-5311-4C42-BE3D-A71BC24DB677}
	EndGlobalSection
EndGlobal
